
Microsoft Visual Studio Solution File, Format Version 12.00
# Visual Studio 15
VisualStudioVersion = 15.0.28307.852
MinimumVisualStudioVersion = 10.0.40219.1
Project("{F184B08F-C81C-45F6-A57F-5ABD9991F28F}") = "Binary_Worker", "Binary_Worker\Binary_Worker.vbproj", "{B85BFA87-E4AF-4877-95AC-E40FF80933A5}"
EndProject
Global
	GlobalSection(SolutionConfigurationPlatforms) = preSolution
		Debug|Any CPU = Debug|Any CPU
		Debug|x86 = Debug|x86
		Release|Any CPU = Release|Any CPU
		Release|x86 = Release|x86
	EndGlobalSection
	GlobalSection(ProjectConfigurationPlatforms) = postSolution
		{B85BFA87-E4AF-4877-95AC-E40FF80933A5}.Debug|Any CPU.ActiveCfg = Debug|Any CPU
		{B85BFA87-E4AF-4877-95AC-E40FF80933A5}.Debug|Any CPU.Build.0 = Debug|Any CPU
		{B85BFA87-E4AF-4877-95AC-E40FF80933A5}.Debug|x86.ActiveCfg = Debug|x86
		{B85BFA87-E4AF-4877-95AC-E40FF80933A5}.Debug|x86.Build.0 = Debug|x86
		{B85BFA87-E4AF-4877-95AC-E40FF80933A5}.Release|Any CPU.ActiveCfg = Release|Any CPU
		{B85BFA87-E4AF-4877-95AC-E40FF80933A5}.Release|Any CPU.Build.0 = Release|Any CPU
		{B85BFA87-E4AF-4877-95AC-E40FF80933A5}.Release|x86.ActiveCfg = Release|x86
		{B85BFA87-E4AF-4877-95AC-E40FF80933A5}.Release|x86.Build.0 = Release|x86
	EndGlobalSection
	GlobalSection(SolutionProperties) = preSolution
		HideSolutionNode = FALSE
	EndGlobalSection
	GlobalSection(ExtensibilityGlobals) = postSolution
		SolutionGuid = {A9293199-F23B-4529-9EEC-046BEEAF4B11}
	EndGlobalSection
EndGlobal
